
Microsoft Visual Studio Solution File, Format Version 12.00
# Visual Studio Version 17
VisualStudioVersion = 17.9.34622.214
MinimumVisualStudioVersion = 10.0.40219.1
Project("{FAE04EC0-301F-11D3-BF4B-00C04F79EFBC}") = "HospitalMS", "HospitalMS\HospitalMS.csproj", "{CBB6E821-13BB-460C-AB92-2A003BEE7BA7}"
EndProject
Global
	GlobalSection(SolutionConfigurationPlatforms) = preSolution
		Debug|Any CPU = Debug|Any CPU
		Release|Any CPU = Release|Any CPU
	EndGlobalSection
	GlobalSection(ProjectConfigurationPlatforms) = postSolution
		{CBB6E821-13BB-460C-AB92-2A003BEE7BA7}.Debug|Any CPU.ActiveCfg = Debug|Any CPU
		{CBB6E821-13BB-460C-AB92-2A003BEE7BA7}.Debug|Any CPU.Build.0 = Debug|Any CPU
		{CBB6E821-13BB-460C-AB92-2A003BEE7BA7}.Release|Any CPU.ActiveCfg = Release|Any CPU
		{CBB6E821-13BB-460C-AB92-2A003BEE7BA7}.Release|Any CPU.Build.0 = Release|Any CPU
	EndGlobalSection
	GlobalSection(SolutionProperties) = preSolution
		HideSolutionNode = FALSE
	EndGlobalSection
	GlobalSection(ExtensibilityGlobals) = postSolution
		SolutionGuid = {B5821D83-8D1A-498F-8F9A-2BD24FCED31F}
	EndGlobalSection
EndGlobal
